
Microsoft Visual Studio Solution File, Format Version 12.00
# Visual Studio Version 16
VisualStudioVersion = 16.0.32630.194
MinimumVisualStudioVersion = 10.0.40219.1
Project("{FAE04EC0-301F-11D3-BF4B-00C04F79EFBC}") = "HomeWork325", "HomeWork325\HomeWork325.csproj", "{88E12A06-39BD-4753-B150-9580DEB7558A}"
EndProject
Global
	GlobalSection(SolutionConfigurationPlatforms) = preSolution
		Debug|Any CPU = Debug|Any CPU
		Release|Any CPU = Release|Any CPU
	EndGlobalSection
	GlobalSection(ProjectConfigurationPlatforms) = postSolution
		{88E12A06-39BD-4753-B150-9580DEB7558A}.Debug|Any CPU.ActiveCfg = Debug|Any CPU
		{88E12A06-39BD-4753-B150-9580DEB7558A}.Debug|Any CPU.Build.0 = Debug|Any CPU
		{88E12A06-39BD-4753-B150-9580DEB7558A}.Release|Any CPU.ActiveCfg = Release|Any CPU
		{88E12A06-39BD-4753-B150-9580DEB7558A}.Release|Any CPU.Build.0 = Release|Any CPU
	EndGlobalSection
	GlobalSection(SolutionProperties) = preSolution
		HideSolutionNode = FALSE
	EndGlobalSection
	GlobalSection(ExtensibilityGlobals) = postSolution
		SolutionGuid = {91430962-0B94-4BD1-BF08-B541FBDE0DEF}
	EndGlobalSection
EndGlobal
